{
  "pins" : [
    {
      "identity" : "alamofire",
      "kind" : "remoteSourceControl",
      "location" : "https://github.com/Alamofire/Alamofire.git",
      "state" : {
        "revision" : "3dc6a42c7727c49bf26508e29b0a0b35f9c7e1ad",
        "version" : "5.8.1"
      }
    },
    {
      "identity" : "findmyiplibrary",
      "kind" : "remoteSourceControl",
      "location" : "https://github.com/murugesh8/FindMyIPLibrary",
      "state" : {
        "branch" : "main",
        "revision" : "e0e698f10ee25a0f8a7ca721ea420631967036f6"
      }
    }
  ],
  "version" : 2
}
